
Microsoft Visual Studio Solution File, Format Version 12.00
# Visual Studio Version 16
VisualStudioVersion = 16.0.29609.76
MinimumVisualStudioVersion = 10.0.40219.1
Project("{8BC9CEB8-8B4A-11D0-8D11-00A0C91BC942}") = "sfml_socket", "sfml_socket\sfml_socket.vcxproj", "{13145EDC-B36D-4466-B994-04A407C9131D}"
EndProject
Global
	GlobalSection(SolutionConfigurationPlatforms) = preSolution
		Debug|x64 = Debug|x64
		Debug|x86 = Debug|x86
		Release|x64 = Release|x64
		Release|x86 = Release|x86
	EndGlobalSection
	GlobalSection(ProjectConfigurationPlatforms) = postSolution
		{13145EDC-B36D-4466-B994-04A407C9131D}.Debug|x64.ActiveCfg = Debug|x64
		{13145EDC-B36D-4466-B994-04A407C9131D}.Debug|x64.Build.0 = Debug|x64
		{13145EDC-B36D-4466-B994-04A407C9131D}.Debug|x86.ActiveCfg = Debug|Win32
		{13145EDC-B36D-4466-B994-04A407C9131D}.Debug|x86.Build.0 = Debug|Win32
		{13145EDC-B36D-4466-B994-04A407C9131D}.Release|x64.ActiveCfg = Release|x64
		{13145EDC-B36D-4466-B994-04A407C9131D}.Release|x64.Build.0 = Release|x64
		{13145EDC-B36D-4466-B994-04A407C9131D}.Release|x86.ActiveCfg = Release|Win32
		{13145EDC-B36D-4466-B994-04A407C9131D}.Release|x86.Build.0 = Release|Win32
	EndGlobalSection
	GlobalSection(SolutionProperties) = preSolution
		HideSolutionNode = FALSE
	EndGlobalSection
	GlobalSection(ExtensibilityGlobals) = postSolution
		SolutionGuid = {047BE50E-D047-4146-99EB-0AC6ED05E6B7}
	EndGlobalSection
EndGlobal
